
Microsoft Visual Studio Solution File, Format Version 12.00
# Visual Studio 15
VisualStudioVersion = 15.0.26730.10
MinimumVisualStudioVersion = 10.0.40219.1
Project("{FAE04EC0-301F-11D3-BF4B-00C04F79EFBC}") = "inclass_five", "inclass_five\inclass_five.csproj", "{F7D542B1-3721-4CDB-85FA-A2115D88B929}"
EndProject
Global
	GlobalSection(SolutionConfigurationPlatforms) = preSolution
		Debug|Any CPU = Debug|Any CPU
		Release|Any CPU = Release|Any CPU
	EndGlobalSection
	GlobalSection(ProjectConfigurationPlatforms) = postSolution
		{F7D542B1-3721-4CDB-85FA-A2115D88B929}.Debug|Any CPU.ActiveCfg = Debug|Any CPU
		{F7D542B1-3721-4CDB-85FA-A2115D88B929}.Debug|Any CPU.Build.0 = Debug|Any CPU
		{F7D542B1-3721-4CDB-85FA-A2115D88B929}.Release|Any CPU.ActiveCfg = Release|Any CPU
		{F7D542B1-3721-4CDB-85FA-A2115D88B929}.Release|Any CPU.Build.0 = Release|Any CPU
	EndGlobalSection
	GlobalSection(SolutionProperties) = preSolution
		HideSolutionNode = FALSE
	EndGlobalSection
	GlobalSection(ExtensibilityGlobals) = postSolution
		SolutionGuid = {826760C0-A9E7-4E32-AA07-3F8EBCEA69CE}
	EndGlobalSection
EndGlobal
